
Microsoft Visual Studio Solution File, Format Version 12.00
# Visual Studio 2013
VisualStudioVersion = 12.0.40629.0
MinimumVisualStudioVersion = 10.0.40219.1
Project("{8BC9CEB8-8B4A-11D0-8D11-00A0C91BC942}") = "tano", "tano.vcxproj", "{2A2270E3-7AE7-48F5-B3D5-F0BDF72601FA}"
EndProject
Project("{2150E333-8FDC-42A3-9474-1A3956D46DE8}") = "Solution Items", "Solution Items", "{C6AF9875-EAEF-48FE-A2D7-195980944C7C}"
	ProjectSection(SolutionItems) = preProject
		Performance1.psess = Performance1.psess
		Performance10.psess = Performance10.psess
		Performance11.psess = Performance11.psess
		Performance12.psess = Performance12.psess
		Performance13.psess = Performance13.psess
		Performance14.psess = Performance14.psess
		Performance15.psess = Performance15.psess
		Performance16.psess = Performance16.psess
		Performance2.psess = Performance2.psess
		Performance3.psess = Performance3.psess
		Performance4.psess = Performance4.psess
		Performance5.psess = Performance5.psess
		Performance6.psess = Performance6.psess
		Performance7.psess = Performance7.psess
		Performance8.psess = Performance8.psess
		Performance9.psess = Performance9.psess
	EndProjectSection
EndProject
Global
	GlobalSection(SolutionConfigurationPlatforms) = preSolution
		Debug|x64 = Debug|x64
		MinSizeRel|x64 = MinSizeRel|x64
		Public|x64 = Public|x64
		Release|x64 = Release|x64
		RelWithDebInfo|x64 = RelWithDebInfo|x64
	EndGlobalSection
	GlobalSection(ProjectConfigurationPlatforms) = postSolution
		{2A2270E3-7AE7-48F5-B3D5-F0BDF72601FA}.Debug|x64.ActiveCfg = Debug|x64
		{2A2270E3-7AE7-48F5-B3D5-F0BDF72601FA}.Debug|x64.Build.0 = Debug|x64
		{2A2270E3-7AE7-48F5-B3D5-F0BDF72601FA}.MinSizeRel|x64.ActiveCfg = Release|x64
		{2A2270E3-7AE7-48F5-B3D5-F0BDF72601FA}.MinSizeRel|x64.Build.0 = Release|x64
		{2A2270E3-7AE7-48F5-B3D5-F0BDF72601FA}.Public|x64.ActiveCfg = Public|x64
		{2A2270E3-7AE7-48F5-B3D5-F0BDF72601FA}.Public|x64.Build.0 = Public|x64
		{2A2270E3-7AE7-48F5-B3D5-F0BDF72601FA}.Release|x64.ActiveCfg = Release|x64
		{2A2270E3-7AE7-48F5-B3D5-F0BDF72601FA}.Release|x64.Build.0 = Release|x64
		{2A2270E3-7AE7-48F5-B3D5-F0BDF72601FA}.RelWithDebInfo|x64.ActiveCfg = Release|x64
		{2A2270E3-7AE7-48F5-B3D5-F0BDF72601FA}.RelWithDebInfo|x64.Build.0 = Release|x64
	EndGlobalSection
	GlobalSection(SolutionProperties) = preSolution
		HideSolutionNode = FALSE
	EndGlobalSection
	GlobalSection(Performance) = preSolution
		HasPerformanceSessions = true
	EndGlobalSection
EndGlobal
