<?xml version="1.0" encoding="utf-8"?>
<Project ToolsVersion="4.0" xmlns="http://schemas.microsoft.com/developer/msbuild/2003">
  <ItemGroup>
    <Filter Include="Source Files">
      <UniqueIdentifier>{4FC737F1-C7A5-4376-A066-2A32D752A2FF}</UniqueIdentifier>
      <Extensions>cpp;c;cc;cxx;def;odl;idl;hpj;bat;asm;asmx</Extensions>
    </Filter>
    <Filter Include="Header Files">
      <UniqueIdentifier>{93995380-89BD-4b04-88EB-625FBE52EBFB}</UniqueIdentifier>
      <Extensions>h;hh;hpp;hxx;hm;inl;inc;xsd</Extensions>
    </Filter>
    <Filter Include="Resource Files">
      <UniqueIdentifier>{67DA6AB6-F800-4c08-8B7A-83BB121AAD01}</UniqueIdentifier>
      <Extensions>rc;ico;cur;bmp;dlg;rc2;rct;bin;rgs;gif;jpg;jpeg;jpe;resx;tiff;tif;png;wav;mfcribbon-ms</Extensions>
    </Filter>
    <Filter Include="sync">
      <UniqueIdentifier>{231f890d-4c63-48f3-93d8-eb56430ea9e3}</UniqueIdentifier>
    </Filter>
    <Filter Include="protocol">
      <UniqueIdentifier>{946f3bd4-86ba-46c3-8b97-cf3a8e8909ad}</UniqueIdentifier>
    </Filter>
    <Filter Include="generated">
      <UniqueIdentifier>{896590c8-c25f-4525-b6fd-2c11cf955f66}</UniqueIdentifier>
      <Extensions>*.cpp; *.hpp</Extensions>
    </Filter>
    <Filter Include="effects">
      <UniqueIdentifier>{bc0007da-a6bf-4607-9e6e-60cb53e90b32}</UniqueIdentifier>
    </Filter>
    <Filter Include="imgui">
      <UniqueIdentifier>{a8f1f197-ab6e-453a-b7ef-54b46a1d555d}</UniqueIdentifier>
    </Filter>
    <Filter Include="bristol">
      <UniqueIdentifier>{7c505794-c8dc-4dd7-ac5f-26afe953add2}</UniqueIdentifier>
    </Filter>
    <Filter Include="bristol\dx">
      <UniqueIdentifier>{aca57c52-e77c-4e43-8784-a22926ae5e8d}</UniqueIdentifier>
    </Filter>
    <Filter Include="bristol\dx\directxtk">
      <UniqueIdentifier>{0c75b133-5052-40be-a9e1-4bcb30007a03}</UniqueIdentifier>
    </Filter>
    <Filter Include="remotery">
      <UniqueIdentifier>{341c806c-144b-485d-afe0-6003cedb2f6a}</UniqueIdentifier>
    </Filter>
    <Filter Include="bass">
      <UniqueIdentifier>{58b1a917-8ee9-441a-8795-42459940b94c}</UniqueIdentifier>
    </Filter>
  </ItemGroup>
  <ItemGroup>
    <ClCompile Include="..\tano.cpp">
      <Filter>Source Files</Filter>
    </ClCompile>
    <ClCompile Include="..\precompiled.cpp">
      <Filter>Source Files</Filter>
    </ClCompile>
    <ClCompile Include="..\resource_manager.cpp">
      <Filter>Source Files</Filter>
    </ClCompile>
    <ClCompile Include="..\demo_engine.cpp">
      <Filter>Source Files</Filter>
    </ClCompile>
    <ClCompile Include="..\effect.cpp">
      <Filter>Source Files</Filter>
    </ClCompile>
    <ClCompile Include="..\gpu_objects.cpp">
      <Filter>Source Files</Filter>
    </ClCompile>
    <ClCompile Include="..\graphics.cpp">
      <Filter>Source Files</Filter>
    </ClCompile>
    <ClCompile Include="..\init_sequence.cpp">
      <Filter>Source Files</Filter>
    </ClCompile>
    <ClCompile Include="..\timer.cpp">
      <Filter>Source Files</Filter>
    </ClCompile>
    <ClCompile Include="..\sync\data.c">
      <Filter>sync</Filter>
    </ClCompile>
    <ClCompile Include="..\sync\device.c">
      <Filter>sync</Filter>
    </ClCompile>
    <ClCompile Include="..\sync\track.c">
      <Filter>sync</Filter>
    </ClCompile>
    <ClCompile Include="..\generated\input_buffer.cpp">
      <Filter>generated</Filter>
    </ClCompile>
    <ClCompile Include="..\generated\output_buffer.cpp">
      <Filter>generated</Filter>
    </ClCompile>
    <ClCompile Include="..\generated\parse_base.cpp">
      <Filter>generated</Filter>
    </ClCompile>
    <ClCompile Include="..\generated\demo.parse.cpp">
      <Filter>generated</Filter>
    </ClCompile>
    <ClCompile Include="..\generated\app.parse.cpp">
      <Filter>generated</Filter>
    </ClCompile>
    <ClCompile Include="..\effects\particle_tunnel.cpp">
      <Filter>effects</Filter>
    </ClCompile>
    <ClCompile Include="..\imgui\imgui.cpp">
      <Filter>imgui</Filter>
    </ClCompile>
    <ClCompile Include="..\imgui_helpers.cpp">
      <Filter>Source Files</Filter>
    </ClCompile>
    <ClCompile Include="..\property_manager.cpp">
      <Filter>Source Files</Filter>
    </ClCompile>
    <ClCompile Include="..\graphics_extra.cpp">
      <Filter>Source Files</Filter>
    </ClCompile>
    <ClCompile Include="..\bristol\error.cpp">
      <Filter>bristol</Filter>
    </ClCompile>
    <ClCompile Include="..\bristol\file_utils.cpp">
      <Filter>bristol</Filter>
    </ClCompile>
    <ClCompile Include="..\bristol\file_watcher.cpp">
      <Filter>bristol</Filter>
    </ClCompile>
    <ClCompile Include="..\bristol\string_utils.cpp">
      <Filter>bristol</Filter>
    </ClCompile>
    <ClCompile Include="..\bristol\time_utils.cpp">
      <Filter>bristol</Filter>
    </ClCompile>
    <ClCompile Include="..\bristol\utils.cpp">
      <Filter>bristol</Filter>
    </ClCompile>
    <ClCompile Include="..\bristol\dx\graphics_utils.cpp">
      <Filter>bristol\dx</Filter>
    </ClCompile>
    <ClCompile Include="..\mesh_loader.cpp">
      <Filter>Source Files</Filter>
    </ClCompile>
    <ClCompile Include="..\Remotery\lib\Remotery.c">
      <Filter>remotery</Filter>
    </ClCompile>
    <ClCompile Include="..\text_writer.cpp">
      <Filter>Source Files</Filter>
    </ClCompile>
    <ClCompile Include="..\effects\raymarcher.cpp">
      <Filter>effects</Filter>
    </ClCompile>
    <ClCompile Include="..\post_process.cpp">
      <Filter>Source Files</Filter>
    </ClCompile>
    <ClCompile Include="..\graphics_context.cpp">
      <Filter>Source Files</Filter>
    </ClCompile>
    <ClCompile Include="..\effects\cluster.cpp">
      <Filter>Source Files</Filter>
    </ClCompile>
    <ClCompile Include="..\mesh_utils.cpp">
      <Filter>Source Files</Filter>
    </ClCompile>
  </ItemGroup>
  <ItemGroup>
    <ClInclude Include="..\precompiled.hpp">
      <Filter>Header Files</Filter>
    </ClInclude>
    <ClInclude Include="..\tano.hpp">
      <Filter>Header Files</Filter>
    </ClInclude>
    <ClInclude Include="..\resource_manager.hpp">
      <Filter>Header Files</Filter>
    </ClInclude>
    <ClInclude Include="..\demo_engine.hpp">
      <Filter>Header Files</Filter>
    </ClInclude>
    <ClInclude Include="..\effect.hpp">
      <Filter>Header Files</Filter>
    </ClInclude>
    <ClInclude Include="..\gpu_objects.hpp">
      <Filter>Header Files</Filter>
    </ClInclude>
    <ClInclude Include="..\graphics.hpp">
      <Filter>Header Files</Filter>
    </ClInclude>
    <ClInclude Include="..\id_buffer.hpp">
      <Filter>Header Files</Filter>
    </ClInclude>
    <ClInclude Include="..\init_sequence.hpp">
      <Filter>Header Files</Filter>
    </ClInclude>
    <ClInclude Include="..\object_handle.hpp">
      <Filter>Header Files</Filter>
    </ClInclude>
    <ClInclude Include="..\timer.hpp">
      <Filter>Header Files</Filter>
    </ClInclude>
    <ClInclude Include="resource.h">
      <Filter>Resource Files</Filter>
    </ClInclude>
    <ClInclude Include="..\sync\base.h">
      <Filter>sync</Filter>
    </ClInclude>
    <ClInclude Include="..\sync\data.h">
      <Filter>sync</Filter>
    </ClInclude>
    <ClInclude Include="..\sync\device.h">
      <Filter>sync</Filter>
    </ClInclude>
    <ClInclude Include="..\sync\sync.h">
      <Filter>sync</Filter>
    </ClInclude>
    <ClInclude Include="..\sync\track.h">
      <Filter>sync</Filter>
    </ClInclude>
    <ClInclude Include="..\generated\input_buffer.hpp">
      <Filter>generated</Filter>
    </ClInclude>
    <ClInclude Include="..\generated\output_buffer.hpp">
      <Filter>generated</Filter>
    </ClInclude>
    <ClInclude Include="..\generated\parse_base.hpp">
      <Filter>generated</Filter>
    </ClInclude>
    <ClInclude Include="..\generated\demo.parse.hpp">
      <Filter>generated</Filter>
    </ClInclude>
    <ClInclude Include="..\generated\demo.types.hpp">
      <Filter>generated</Filter>
    </ClInclude>
    <ClInclude Include="..\generated\app.parse.hpp">
      <Filter>generated</Filter>
    </ClInclude>
    <ClInclude Include="..\generated\app.types.hpp">
      <Filter>generated</Filter>
    </ClInclude>
    <ClInclude Include="..\effects\particle_tunnel.hpp">
      <Filter>effects</Filter>
    </ClInclude>
    <ClInclude Include="..\render_queue.hpp">
      <Filter>Header Files</Filter>
    </ClInclude>
    <ClInclude Include="..\imgui\imconfig.h">
      <Filter>imgui</Filter>
    </ClInclude>
    <ClInclude Include="..\imgui\imgui.h">
      <Filter>imgui</Filter>
    </ClInclude>
    <ClInclude Include="..\imgui\stb_rect_pack.h">
      <Filter>imgui</Filter>
    </ClInclude>
    <ClInclude Include="..\imgui\stb_textedit.h">
      <Filter>imgui</Filter>
    </ClInclude>
    <ClInclude Include="..\imgui\stb_truetype.h">
      <Filter>imgui</Filter>
    </ClInclude>
    <ClInclude Include="..\imgui_helpers.hpp">
      <Filter>Header Files</Filter>
    </ClInclude>
    <ClInclude Include="..\imgui\stb_image.h">
      <Filter>imgui</Filter>
    </ClInclude>
    <ClInclude Include="..\property_manager.hpp">
      <Filter>Header Files</Filter>
    </ClInclude>
    <ClInclude Include="..\graphics_extra.hpp">
      <Filter>Header Files</Filter>
    </ClInclude>
    <ClInclude Include="..\bristol\bristol.hpp">
      <Filter>bristol</Filter>
    </ClInclude>
    <ClInclude Include="..\bristol\error.hpp">
      <Filter>bristol</Filter>
    </ClInclude>
    <ClInclude Include="..\bristol\file_utils.hpp">
      <Filter>bristol</Filter>
    </ClInclude>
    <ClInclude Include="..\bristol\file_watcher.hpp">
      <Filter>bristol</Filter>
    </ClInclude>
    <ClInclude Include="..\bristol\flags.hpp">
      <Filter>bristol</Filter>
    </ClInclude>
    <ClInclude Include="..\bristol\string_utils.hpp">
      <Filter>bristol</Filter>
    </ClInclude>
    <ClInclude Include="..\bristol\time_utils.hpp">
      <Filter>bristol</Filter>
    </ClInclude>
    <ClInclude Include="..\bristol\utils.hpp">
      <Filter>bristol</Filter>
    </ClInclude>
    <ClInclude Include="..\bristol\dx\graphics_utils.hpp">
      <Filter>bristol\dx</Filter>
    </ClInclude>
    <ClInclude Include="..\bristol\dx\vertex_types.hpp">
      <Filter>bristol\dx</Filter>
    </ClInclude>
    <ClInclude Include="..\bristol\dx\DirectXTK\SimpleMath.h">
      <Filter>bristol\dx\directxtk</Filter>
    </ClInclude>
    <ClInclude Include="..\mesh_loader.hpp">
      <Filter>Header Files</Filter>
    </ClInclude>
    <ClInclude Include="..\Remotery\lib\Remotery.h">
      <Filter>remotery</Filter>
    </ClInclude>
    <ClInclude Include="..\text_writer.hpp">
      <Filter>Header Files</Filter>
    </ClInclude>
    <ClInclude Include="..\effects\raymarcher.hpp">
      <Filter>effects</Filter>
    </ClInclude>
    <ClInclude Include="..\post_process.hpp">
      <Filter>Header Files</Filter>
    </ClInclude>
    <ClInclude Include="..\graphics_context.hpp">
      <Filter>Header Files</Filter>
    </ClInclude>
    <ClInclude Include="..\effects\cluster.hpp">
      <Filter>Header Files</Filter>
    </ClInclude>
    <ClInclude Include="..\mesh_utils.hpp">
      <Filter>Header Files</Filter>
    </ClInclude>
    <ClInclude Include="..\bass\bass.h">
      <Filter>bass</Filter>
    </ClInclude>
  </ItemGroup>
  <ItemGroup>
    <ResourceCompile Include="tano.rc">
      <Filter>Resource Files</Filter>
    </ResourceCompile>
  </ItemGroup>
  <ItemGroup>
    <None Include="..\protocol\demo.grobb">
      <Filter>protocol</Filter>
    </None>
    <None Include="..\protocol\app.grobb">
      <Filter>protocol</Filter>
    </None>
    <None Include="..\bristol\dx\DirectXTK\SimpleMath.inl">
      <Filter>bristol\dx\directxtk</Filter>
    </None>
  </ItemGroup>
</Project>